
Microsoft Visual Studio Solution File, Format Version 12.00
# Visual Studio Version 17
VisualStudioVersion = 17.14.36717.8 d17.14
MinimumVisualStudioVersion = 10.0.40219.1
Project("{FAE04EC0-301F-11D3-BF4B-00C04F79EFBC}") = "HSEGame", "HSEGame\HSEGame.csproj", "{42B1A811-53EA-4987-A7A8-C1CFB88F5EC8}"
EndProject
Global
	GlobalSection(SolutionConfigurationPlatforms) = preSolution
		Debug|Any CPU = Debug|Any CPU
		Release|Any CPU = Release|Any CPU
	EndGlobalSection
	GlobalSection(ProjectConfigurationPlatforms) = postSolution
		{42B1A811-53EA-4987-A7A8-C1CFB88F5EC8}.Debug|Any CPU.ActiveCfg = Debug|Any CPU
		{42B1A811-53EA-4987-A7A8-C1CFB88F5EC8}.Debug|Any CPU.Build.0 = Debug|Any CPU
		{42B1A811-53EA-4987-A7A8-C1CFB88F5EC8}.Release|Any CPU.ActiveCfg = Release|Any CPU
		{42B1A811-53EA-4987-A7A8-C1CFB88F5EC8}.Release|Any CPU.Build.0 = Release|Any CPU
	EndGlobalSection
	GlobalSection(SolutionProperties) = preSolution
		HideSolutionNode = FALSE
	EndGlobalSection
	GlobalSection(ExtensibilityGlobals) = postSolution
		SolutionGuid = {9BAA21A8-A9FD-4E00-A733-DC78B56B06F7}
	EndGlobalSection
EndGlobal
